// !$*UTF8*$!
{
	archiveVersion = 1;
	classes = {
	};
	objectVersion = 50;
	objects = {

/* Begin PBXBuildFile section */
		78889F492083365600764978 /* AppDelegate.swift in Sources */ = {isa = PBXBuildFile; fileRef = 78889F482083365600764978 /* AppDelegate.swift */; };
		78889F4E2083365600764978 /* Main.storyboard in Resources */ = {isa = PBXBuildFile; fileRef = 78889F4C2083365600764978 /* Main.storyboard */; };
		78889F502083365900764978 /* Assets.xcassets in Resources */ = {isa = PBXBuildFile; fileRef = 78889F4F2083365900764978 /* Assets.xcassets */; };
		78889F532083365900764978 /* LaunchScreen.storyboard in Resources */ = {isa = PBXBuildFile; fileRef = 78889F512083365900764978 /* LaunchScreen.storyboard */; };
		78889F5C2083375C00764978 /* Scene.swift in Sources */ = {isa = PBXBuildFile; fileRef = 78889F5B2083375C00764978 /* Scene.swift */; };
		78889F5E2083378E00764978 /* AppScene.swift in Sources */ = {isa = PBXBuildFile; fileRef = 78889F5D2083378E00764978 /* AppScene.swift */; };
		78889F63208340F200764978 /* FeedListViewController.swift in Sources */ = {isa = PBXBuildFile; fileRef = 78889F62208340F200764978 /* FeedListViewController.swift */; };
		78889F652083410200764978 /* FeedDetailViewController.swift in Sources */ = {isa = PBXBuildFile; fileRef = 78889F642083410200764978 /* FeedDetailViewController.swift */; };
		78889F672083414E00764978 /* StoryboardInstantiable.swift in Sources */ = {isa = PBXBuildFile; fileRef = 78889F662083414E00764978 /* StoryboardInstantiable.swift */; };
/* End PBXBuildFile section */

/* Begin PBXFileReference section */
		78889F452083365600764978 /* TheViperKit.app */ = {isa = PBXFileReference; explicitFileType = wrapper.application; includeInIndex = 0; path = TheViperKit.app; sourceTree = BUILT_PRODUCTS_DIR; };
		78889F482083365600764978 /* AppDelegate.swift */ = {isa = PBXFileReference; lastKnownFileType = sourcecode.swift; path = AppDelegate.swift; sourceTree = "<group>"; };
		78889F4D2083365600764978 /* Base */ = {isa = PBXFileReference; lastKnownFileType = file.storyboard; name = Base; path = Base.lproj/Main.storyboard; sourceTree = "<group>"; };
		78889F4F2083365900764978 /* Assets.xcassets */ = {isa = PBXFileReference; lastKnownFileType = folder.assetcatalog; path = Assets.xcassets; sourceTree = "<group>"; };
		78889F522083365900764978 /* Base */ = {isa = PBXFileReference; lastKnownFileType = file.storyboard; name = Base; path = Base.lproj/LaunchScreen.storyboard; sourceTree = "<group>"; };
		78889F542083365900764978 /* Info.plist */ = {isa = PBXFileReference; lastKnownFileType = text.plist.xml; path = Info.plist; sourceTree = "<group>"; };
		78889F5B2083375C00764978 /* Scene.swift */ = {isa = PBXFileReference; lastKnownFileType = sourcecode.swift; path = Scene.swift; sourceTree = "<group>"; };
		78889F5D2083378E00764978 /* AppScene.swift */ = {isa = PBXFileReference; lastKnownFileType = sourcecode.swift; path = AppScene.swift; sourceTree = "<group>"; };
		78889F62208340F200764978 /* FeedListViewController.swift */ = {isa = PBXFileReference; lastKnownFileType = sourcecode.swift; path = FeedListViewController.swift; sourceTree = "<group>"; };
		78889F642083410200764978 /* FeedDetailViewController.swift */ = {isa = PBXFileReference; lastKnownFileType = sourcecode.swift; path = FeedDetailViewController.swift; sourceTree = "<group>"; };
		78889F662083414E00764978 /* StoryboardInstantiable.swift */ = {isa = PBXFileReference; lastKnownFileType = sourcecode.swift; path = StoryboardInstantiable.swift; sourceTree = "<group>"; };
/* End PBXFileReference section */

/* Begin PBXFrameworksBuildPhase section */
		78889F422083365600764978 /* Frameworks */ = {
			isa = PBXFrameworksBuildPhase;
			buildActionMask = 2147483647;
			files = (
			);
			runOnlyForDeploymentPostprocessing = 0;
		};
/* End PBXFrameworksBuildPhase section */

/* Begin PBXGroup section */
		78889F3C2083365600764978 = {
			isa = PBXGroup;
			children = (
				78889F5A208336BD00764978 /* Source */,
				78889F472083365600764978 /* TheViperKit */,
				78889F462083365600764978 /* Products */,
			);
			sourceTree = "<group>";
		};
		78889F462083365600764978 /* Products */ = {
			isa = PBXGroup;
			children = (
				78889F452083365600764978 /* TheViperKit.app */,
			);
			name = Products;
			sourceTree = "<group>";
		};
		78889F472083365600764978 /* TheViperKit */ = {
			isa = PBXGroup;
			children = (
				78889F5F2083402E00764978 /* AppScenes */,
				78889F482083365600764978 /* AppDelegate.swift */,
				78889F4C2083365600764978 /* Main.storyboard */,
				78889F4F2083365900764978 /* Assets.xcassets */,
				78889F512083365900764978 /* LaunchScreen.storyboard */,
				78889F542083365900764978 /* Info.plist */,
				78889F5D2083378E00764978 /* AppScene.swift */,
				78889F662083414E00764978 /* StoryboardInstantiable.swift */,
			);
			path = TheViperKit;
			sourceTree = "<group>";
		};
		78889F5A208336BD00764978 /* Source */ = {
			isa = PBXGroup;
			children = (
				78889F5B2083375C00764978 /* Scene.swift */,
			);
			path = Source;
			sourceTree = "<group>";
		};
		78889F5F2083402E00764978 /* AppScenes */ = {
			isa = PBXGroup;
			children = (
				78889F602083403900764978 /* FeedList */,
				78889F612083404400764978 /* FeedDetail */,
			);
			path = AppScenes;
			sourceTree = "<group>";
		};
		78889F602083403900764978 /* FeedList */ = {
			isa = PBXGroup;
			children = (
				78889F62208340F200764978 /* FeedListViewController.swift */,
			);
			path = FeedList;
			sourceTree = "<group>";
		};
		78889F612083404400764978 /* FeedDetail */ = {
			isa = PBXGroup;
			children = (
				78889F642083410200764978 /* FeedDetailViewController.swift */,
			);
			path = FeedDetail;
			sourceTree = "<group>";
		};
/* End PBXGroup section */

/* Begin PBXNativeTarget section */
		78889F442083365600764978 /* TheViperKit */ = {
			isa = PBXNativeTarget;
			buildConfigurationList = 78889F572083365900764978 /* Build configuration list for PBXNativeTarget "TheViperKit" */;
			buildPhases = (
				78889F412083365600764978 /* Sources */,
				78889F422083365600764978 /* Frameworks */,
				78889F432083365600764978 /* Resources */,
			);
			buildRules = (
			);
			dependencies = (
			);
			name = TheViperKit;
			productName = TheViperKit;
			productReference = 78889F452083365600764978 /* TheViperKit.app */;
			productType = "com.apple.product-type.application";
		};
/* End PBXNativeTarget section */

/* Begin PBXProject section */
		78889F3D2083365600764978 /* Project object */ = {
			isa = PBXProject;
			attributes = {
				LastSwiftUpdateCheck = 0930;
				LastUpgradeCheck = 0930;
				ORGANIZATIONNAME = Susmita;
				TargetAttributes = {
					78889F442083365600764978 = {
						CreatedOnToolsVersion = 9.3;
					};
				};
			};
			buildConfigurationList = 78889F402083365600764978 /* Build configuration list for PBXProject "TheViperKit" */;
			compatibilityVersion = "Xcode 9.3";
			developmentRegion = en;
			hasScannedForEncodings = 0;
			knownRegions = (
				en,
				Base,
			);
			mainGroup = 78889F3C2083365600764978;
			productRefGroup = 78889F462083365600764978 /* Products */;
			projectDirPath = "";
			projectRoot = "";
			targets = (
				78889F442083365600764978 /* TheViperKit */,
			);
		};
/* End PBXProject section */

/* Begin PBXResourcesBuildPhase section */
		78889F432083365600764978 /* Resources */ = {
			isa = PBXResourcesBuildPhase;
			buildActionMask = 2147483647;
			files = (
				78889F532083365900764978 /* LaunchScreen.storyboard in Resources */,
				78889F502083365900764978 /* Assets.xcassets in Resources */,
				78889F4E2083365600764978 /* Main.storyboard in Resources */,
			);
			runOnlyForDeploymentPostprocessing = 0;
		};
/* End PBXResourcesBuildPhase section */

/* Begin PBXSourcesBuildPhase section */
		78889F412083365600764978 /* Sources */ = {
			isa = PBXSourcesBuildPhase;
			buildActionMask = 2147483647;
			files = (
				78889F5E2083378E00764978 /* AppScene.swift in Sources */,
				78889F652083410200764978 /* FeedDetailViewController.swift in Sources */,
				78889F63208340F200764978 /* FeedListViewController.swift in Sources */,
				78889F492083365600764978 /* AppDelegate.swift in Sources */,
				78889F672083414E00764978 /* StoryboardInstantiable.swift in Sources */,
				78889F5C2083375C00764978 /* Scene.swift in Sources */,
			);
			runOnlyForDeploymentPostprocessing = 0;
		};
/* End PBXSourcesBuildPhase section */

/* Begin PBXVariantGroup section */
		78889F4C2083365600764978 /* Main.storyboard */ = {
			isa = PBXVariantGroup;
			children = (
				78889F4D2083365600764978 /* Base */,
			);
			name = Main.storyboard;
			sourceTree = "<group>";
		};
		78889F512083365900764978 /* LaunchScreen.storyboard */ = {
			isa = PBXVariantGroup;
			children = (
				78889F522083365900764978 /* Base */,
			);
			name = LaunchScreen.storyboard;
			sourceTree = "<group>";
		};
/* End PBXVariantGroup section */

/* Begin XCBuildConfiguration section */
		78889F552083365900764978 /* Debug */ = {
			isa = XCBuildConfiguration;
			buildSettings = {
				ALWAYS_SEARCH_USER_PATHS = NO;
				CLANG_ANALYZER_NONNULL = YES;
				CLANG_ANALYZER_NUMBER_OBJECT_CONVERSION = YES_AGGRESSIVE;
				CLANG_CXX_LANGUAGE_STANDARD = "gnu++14";
				CLANG_CXX_LIBRARY = "libc++";
				CLANG_ENABLE_MODULES = YES;
				CLANG_ENABLE_OBJC_ARC = YES;
				CLANG_ENABLE_OBJC_WEAK = YES;
				CLANG_WARN_BLOCK_CAPTURE_AUTORELEASING = YES;
				CLANG_WARN_BOOL_CONVERSION = YES;
				CLANG_WARN_COMMA = YES;
				CLANG_WARN_CONSTANT_CONVERSION = YES;
				CLANG_WARN_DEPRECATED_OBJC_IMPLEMENTATIONS = YES;
				CLANG_WARN_DIRECT_OBJC_ISA_USAGE = YES_ERROR;
				CLANG_WARN_DOCUMENTATION_COMMENTS = YES;
				CLANG_WARN_EMPTY_BODY = YES;
				CLANG_WARN_ENUM_CONVERSION = YES;
				CLANG_WARN_INFINITE_RECURSION = YES;
				CLANG_WARN_INT_CONVERSION = YES;
				CLANG_WARN_NON_LITERAL_NULL_CONVERSION = YES;
				CLANG_WARN_OBJC_IMPLICIT_RETAIN_SELF = YES;
				CLANG_WARN_OBJC_LITERAL_CONVERSION = YES;
				CLANG_WARN_OBJC_ROOT_CLASS = YES_ERROR;
				CLANG_WARN_RANGE_LOOP_ANALYSIS = YES;
				CLANG_WARN_STRICT_PROTOTYPES = YES;
				CLANG_WARN_SUSPICIOUS_MOVE = YES;
				CLANG_WARN_UNGUARDED_AVAILABILITY = YES_AGGRESSIVE;
				CLANG_WARN_UNREACHABLE_CODE = YES;
				CLANG_WARN__DUPLICATE_METHOD_MATCH = YES;
				CODE_SIGN_IDENTITY = "iPhone Developer";
				COPY_PHASE_STRIP = NO;
				DEBUG_INFORMATION_FORMAT = dwarf;
				ENABLE_STRICT_OBJC_MSGSEND = YES;
				ENABLE_TESTABILITY = YES;
				GCC_C_LANGUAGE_STANDARD = gnu11;
				GCC_DYNAMIC_NO_PIC = NO;
				GCC_NO_COMMON_BLOCKS = YES;
				GCC_OPTIMIZATION_LEVEL = 0;
				GCC_PREPROCESSOR_DEFINITIONS = (
					"DEBUG=1",
					"$(inherited)",
				);
				GCC_WARN_64_TO_32_BIT_CONVERSION = YES;
				GCC_WARN_ABOUT_RETURN_TYPE = YES_ERROR;
				GCC_WARN_UNDECLARED_SELECTOR = YES;
				GCC_WARN_UNINITIALIZED_AUTOS = YES_AGGRESSIVE;
				GCC_WARN_UNUSED_FUNCTION = YES;
				GCC_WARN_UNUSED_VARIABLE = YES;
				IPHONEOS_DEPLOYMENT_TARGET = 11.3;
				MTL_ENABLE_DEBUG_INFO = YES;
				ONLY_ACTIVE_ARCH = YES;
				SDKROOT = iphoneos;
				SWIFT_ACTIVE_COMPILATION_CONDITIONS = DEBUG;
				SWIFT_OPTIMIZATION_LEVEL = "-Onone";
			};
			name = Debug;
		};
		78889F562083365900764978 /* Release */ = {
			isa = XCBuildConfiguration;
			buildSettings = {
				ALWAYS_SEARCH_USER_PATHS = NO;
				CLANG_ANALYZER_NONNULL = YES;
				CLANG_ANALYZER_NUMBER_OBJECT_CONVERSION = YES_AGGRESSIVE;
				CLANG_CXX_LANGUAGE_STANDARD = "gnu++14";
				CLANG_CXX_LIBRARY = "libc++";
				CLANG_ENABLE_MODULES = YES;
				CLANG_ENABLE_OBJC_ARC = YES;
				CLANG_ENABLE_OBJC_WEAK = YES;
				CLANG_WARN_BLOCK_CAPTURE_AUTORELEASING = YES;
				CLANG_WARN_BOOL_CONVERSION = YES;
				CLANG_WARN_COMMA = YES;
				CLANG_WARN_CONSTANT_CONVERSION = YES;
				CLANG_WARN_DEPRECATED_OBJC_IMPLEMENTATIONS = YES;
				CLANG_WARN_DIRECT_OBJC_ISA_USAGE = YES_ERROR;
				CLANG_WARN_DOCUMENTATION_COMMENTS = YES;
				CLANG_WARN_EMPTY_BODY = YES;
				CLANG_WARN_ENUM_CONVERSION = YES;
				CLANG_WARN_INFINITE_RECURSION = YES;
				CLANG_WARN_INT_CONVERSION = YES;
				CLANG_WARN_NON_LITERAL_NULL_CONVERSION = YES;
				CLANG_WARN_OBJC_IMPLICIT_RETAIN_SELF = YES;
				CLANG_WARN_OBJC_LITERAL_CONVERSION = YES;
				CLANG_WARN_OBJC_ROOT_CLASS = YES_ERROR;
				CLANG_WARN_RANGE_LOOP_ANALYSIS = YES;
				CLANG_WARN_STRICT_PROTOTYPES = YES;
				CLANG_WARN_SUSPICIOUS_MOVE = YES;
				CLANG_WARN_UNGUARDED_AVAILABILITY = YES_AGGRESSIVE;
				CLANG_WARN_UNREACHABLE_CODE = YES;
				CLANG_WARN__DUPLICATE_METHOD_MATCH = YES;
				CODE_SIGN_IDENTITY = "iPhone Developer";
				COPY_PHASE_STRIP = NO;
				DEBUG_INFORMATION_FORMAT = "dwarf-with-dsym";
				ENABLE_NS_ASSERTIONS = NO;
				ENABLE_STRICT_OBJC_MSGSEND = YES;
				GCC_C_LANGUAGE_STANDARD = gnu11;
				GCC_NO_COMMON_BLOCKS = YES;
				GCC_WARN_64_TO_32_BIT_CONVERSION = YES;
				GCC_WARN_ABOUT_RETURN_TYPE = YES_ERROR;
				GCC_WARN_UNDECLARED_SELECTOR = YES;
				GCC_WARN_UNINITIALIZED_AUTOS = YES_AGGRESSIVE;
				GCC_WARN_UNUSED_FUNCTION = YES;
				GCC_WARN_UNUSED_VARIABLE = YES;
				IPHONEOS_DEPLOYMENT_TARGET = 11.3;
				MTL_ENABLE_DEBUG_INFO = NO;
				SDKROOT = iphoneos;
				SWIFT_COMPILATION_MODE = wholemodule;
				SWIFT_OPTIMIZATION_LEVEL = "-O";
				VALIDATE_PRODUCT = YES;
			};
			name = Release;
		};
		78889F582083365900764978 /* Debug */ = {
			isa = XCBuildConfiguration;
			buildSettings = {
				ASSETCATALOG_COMPILER_APPICON_NAME = AppIcon;
				CODE_SIGN_STYLE = Automatic;
				INFOPLIST_FILE = TheViperKit/Info.plist;
				LD_RUNPATH_SEARCH_PATHS = (
					"$(inherited)",
					"@executable_path/Frameworks",
				);
				PRODUCT_BUNDLE_IDENTIFIER = com.hsusmita.TheViperKit;
				PRODUCT_NAME = "$(TARGET_NAME)";
				SWIFT_VERSION = 4.0;
				TARGETED_DEVICE_FAMILY = "1,2";
			};
			name = Debug;
		};
		78889F592083365900764978 /* Release */ = {
			isa = XCBuildConfiguration;
			buildSettings = {
				ASSETCATALOG_COMPILER_APPICON_NAME = AppIcon;
				CODE_SIGN_STYLE = Automatic;
				INFOPLIST_FILE = TheViperKit/Info.plist;
				LD_RUNPATH_SEARCH_PATHS = (
					"$(inherited)",
					"@executable_path/Frameworks",
				);
				PRODUCT_BUNDLE_IDENTIFIER = com.hsusmita.TheViperKit;
				PRODUCT_NAME = "$(TARGET_NAME)";
				SWIFT_VERSION = 4.0;
				TARGETED_DEVICE_FAMILY = "1,2";
			};
			name = Release;
		};
/* End XCBuildConfiguration section */

/* Begin XCConfigurationList section */
		78889F402083365600764978 /* Build configuration list for PBXProject "TheViperKit" */ = {
			isa = XCConfigurationList;
			buildConfigurations = (
				78889F552083365900764978 /* Debug */,
				78889F562083365900764978 /* Release */,
			);
			defaultConfigurationIsVisible = 0;
			defaultConfigurationName = Release;
		};
		78889F572083365900764978 /* Build configuration list for PBXNativeTarget "TheViperKit" */ = {
			isa = XCConfigurationList;
			buildConfigurations = (
				78889F582083365900764978 /* Debug */,
				78889F592083365900764978 /* Release */,
			);
			defaultConfigurationIsVisible = 0;
			defaultConfigurationName = Release;
		};
/* End XCConfigurationList section */
	};
	rootObject = 78889F3D2083365600764978 /* Project object */;
}
